
Microsoft Visual Studio Solution File, Format Version 12.00
# Visual Studio 14
VisualStudioVersion = 14.0.25420.1
MinimumVisualStudioVersion = 10.0.40219.1
Project("{FAE04EC0-301F-11D3-BF4B-00C04F79EFBC}") = "ReadifyKnockKnockWebService", "ReadifyKnockKnockWebService\ReadifyKnockKnockWebService.csproj", "{B6F5B068-8607-4328-AAF9-85A49C14D0A3}"
EndProject
Project("{FAE04EC0-301F-11D3-BF4B-00C04F79EFBC}") = "ReadifyKnockKnockWebServiceTests", "ReadifyKnockKnockWebServiceTests\ReadifyKnockKnockWebServiceTests.csproj", "{4D639934-2B90-4A5E-BDDB-9E8EDF4CA5E4}"
	ProjectSection(ProjectDependencies) = postProject
		{B6F5B068-8607-4328-AAF9-85A49C14D0A3} = {B6F5B068-8607-4328-AAF9-85A49C14D0A3}
	EndProjectSection
EndProject
Global
	GlobalSection(SolutionConfigurationPlatforms) = preSolution
		Debug|Any CPU = Debug|Any CPU
		Release|Any CPU = Release|Any CPU
	EndGlobalSection
	GlobalSection(ProjectConfigurationPlatforms) = postSolution
		{B6F5B068-8607-4328-AAF9-85A49C14D0A3}.Debug|Any CPU.ActiveCfg = Debug|Any CPU
		{B6F5B068-8607-4328-AAF9-85A49C14D0A3}.Debug|Any CPU.Build.0 = Debug|Any CPU
		{B6F5B068-8607-4328-AAF9-85A49C14D0A3}.Release|Any CPU.ActiveCfg = Release|Any CPU
		{B6F5B068-8607-4328-AAF9-85A49C14D0A3}.Release|Any CPU.Build.0 = Release|Any CPU
		{4D639934-2B90-4A5E-BDDB-9E8EDF4CA5E4}.Debug|Any CPU.ActiveCfg = Debug|Any CPU
		{4D639934-2B90-4A5E-BDDB-9E8EDF4CA5E4}.Debug|Any CPU.Build.0 = Debug|Any CPU
		{4D639934-2B90-4A5E-BDDB-9E8EDF4CA5E4}.Release|Any CPU.ActiveCfg = Release|Any CPU
		{4D639934-2B90-4A5E-BDDB-9E8EDF4CA5E4}.Release|Any CPU.Build.0 = Release|Any CPU
	EndGlobalSection
	GlobalSection(SolutionProperties) = preSolution
		HideSolutionNode = FALSE
	EndGlobalSection
EndGlobal
